// !$*UTF8*$!
{
	archiveVersion = 1;
	classes = {
	};
	objectVersion = 50;
	objects = {

/* Begin PBXBuildFile section */
		8320C64926DEB7C100967586 /* Constants.swift in Sources */ = {isa = PBXBuildFile; fileRef = 8320C64826DEB7C100967586 /* Constants.swift */; };
		8320C65026E7F2D100967586 /* StartView.swift in Sources */ = {isa = PBXBuildFile; fileRef = 8320C64F26E7F2D100967586 /* StartView.swift */; };
		8320C6D726F07FDE00967586 /* MainView.swift in Sources */ = {isa = PBXBuildFile; fileRef = 8320C6D626F07FDD00967586 /* MainView.swift */; };
		8320C6D926F0821700967586 /* UtilViews.swift in Sources */ = {isa = PBXBuildFile; fileRef = 8320C6D826F0821700967586 /* UtilViews.swift */; };
		83D666FB26ACB14B0058C851 /* TicTacToeApp.swift in Sources */ = {isa = PBXBuildFile; fileRef = 83D666FA26ACB14B0058C851 /* TicTacToeApp.swift */; };
		83D666FD26ACB14B0058C851 /* GameView.swift in Sources */ = {isa = PBXBuildFile; fileRef = 83D666FC26ACB14B0058C851 /* GameView.swift */; };
		83D666FF26ACB14F0058C851 /* Assets.xcassets in Resources */ = {isa = PBXBuildFile; fileRef = 83D666FE26ACB14F0058C851 /* Assets.xcassets */; };
		83D6670226ACB14F0058C851 /* Preview Assets.xcassets in Resources */ = {isa = PBXBuildFile; fileRef = 83D6670126ACB14F0058C851 /* Preview Assets.xcassets */; };
		83D6670D26ACB14F0058C851 /* TicTacToeTests.swift in Sources */ = {isa = PBXBuildFile; fileRef = 83D6670C26ACB14F0058C851 /* TicTacToeTests.swift */; };
		83D6671826ACB14F0058C851 /* TicTacToeUITests.swift in Sources */ = {isa = PBXBuildFile; fileRef = 83D6671726ACB14F0058C851 /* TicTacToeUITests.swift */; };
		83D6672626AD706E0058C851 /* Alerts.swift in Sources */ = {isa = PBXBuildFile; fileRef = 83D6672526AD706E0058C851 /* Alerts.swift */; };
		83D6672826AD7B4A0058C851 /* GameViewModel.swift in Sources */ = {isa = PBXBuildFile; fileRef = 83D6672726AD7B4A0058C851 /* GameViewModel.swift */; };
/* End PBXBuildFile section */

/* Begin PBXContainerItemProxy section */
		83D6670926ACB14F0058C851 /* PBXContainerItemProxy */ = {
			isa = PBXContainerItemProxy;
			containerPortal = 83D666EF26ACB14B0058C851 /* Project object */;
			proxyType = 1;
			remoteGlobalIDString = 83D666F626ACB14B0058C851;
			remoteInfo = TicTacToe;
		};
		83D6671426ACB14F0058C851 /* PBXContainerItemProxy */ = {
			isa = PBXContainerItemProxy;
			containerPortal = 83D666EF26ACB14B0058C851 /* Project object */;
			proxyType = 1;
			remoteGlobalIDString = 83D666F626ACB14B0058C851;
			remoteInfo = TicTacToe;
		};
/* End PBXContainerItemProxy section */

/* Begin PBXFileReference section */
		8320C64826DEB7C100967586 /* Constants.swift */ = {isa = PBXFileReference; lastKnownFileType = sourcecode.swift; path = Constants.swift; sourceTree = "<group>"; };
		8320C64F26E7F2D100967586 /* StartView.swift */ = {isa = PBXFileReference; lastKnownFileType = sourcecode.swift; path = StartView.swift; sourceTree = "<group>"; };
		8320C6D626F07FDD00967586 /* MainView.swift */ = {isa = PBXFileReference; lastKnownFileType = sourcecode.swift; path = MainView.swift; sourceTree = "<group>"; };
		8320C6D826F0821700967586 /* UtilViews.swift */ = {isa = PBXFileReference; lastKnownFileType = sourcecode.swift; path = UtilViews.swift; sourceTree = "<group>"; };
		83D666F726ACB14B0058C851 /* TicTacToe.app */ = {isa = PBXFileReference; explicitFileType = wrapper.application; includeInIndex = 0; path = TicTacToe.app; sourceTree = BUILT_PRODUCTS_DIR; };
		83D666FA26ACB14B0058C851 /* TicTacToeApp.swift */ = {isa = PBXFileReference; lastKnownFileType = sourcecode.swift; path = TicTacToeApp.swift; sourceTree = "<group>"; };
		83D666FC26ACB14B0058C851 /* GameView.swift */ = {isa = PBXFileReference; lastKnownFileType = sourcecode.swift; path = GameView.swift; sourceTree = "<group>"; };
		83D666FE26ACB14F0058C851 /* Assets.xcassets */ = {isa = PBXFileReference; lastKnownFileType = folder.assetcatalog; path = Assets.xcassets; sourceTree = "<group>"; };
		83D6670126ACB14F0058C851 /* Preview Assets.xcassets */ = {isa = PBXFileReference; lastKnownFileType = folder.assetcatalog; path = "Preview Assets.xcassets"; sourceTree = "<group>"; };
		83D6670326ACB14F0058C851 /* Info.plist */ = {isa = PBXFileReference; lastKnownFileType = text.plist.xml; path = Info.plist; sourceTree = "<group>"; };
		83D6670826ACB14F0058C851 /* TicTacToeTests.xctest */ = {isa = PBXFileReference; explicitFileType = wrapper.cfbundle; includeInIndex = 0; path = TicTacToeTests.xctest; sourceTree = BUILT_PRODUCTS_DIR; };
		83D6670C26ACB14F0058C851 /* TicTacToeTests.swift */ = {isa = PBXFileReference; lastKnownFileType = sourcecode.swift; path = TicTacToeTests.swift; sourceTree = "<group>"; };
		83D6670E26ACB14F0058C851 /* Info.plist */ = {isa = PBXFileReference; lastKnownFileType = text.plist.xml; path = Info.plist; sourceTree = "<group>"; };
		83D6671326ACB14F0058C851 /* TicTacToeUITests.xctest */ = {isa = PBXFileReference; explicitFileType = wrapper.cfbundle; includeInIndex = 0; path = TicTacToeUITests.xctest; sourceTree = BUILT_PRODUCTS_DIR; };
		83D6671726ACB14F0058C851 /* TicTacToeUITests.swift */ = {isa = PBXFileReference; lastKnownFileType = sourcecode.swift; path = TicTacToeUITests.swift; sourceTree = "<group>"; };
		83D6671926ACB14F0058C851 /* Info.plist */ = {isa = PBXFileReference; lastKnownFileType = text.plist.xml; path = Info.plist; sourceTree = "<group>"; };
		83D6672526AD706E0058C851 /* Alerts.swift */ = {isa = PBXFileReference; lastKnownFileType = sourcecode.swift; path = Alerts.swift; sourceTree = "<group>"; };
		83D6672726AD7B4A0058C851 /* GameViewModel.swift */ = {isa = PBXFileReference; lastKnownFileType = sourcecode.swift; path = GameViewModel.swift; sourceTree = "<group>"; };
/* End PBXFileReference section */

/* Begin PBXFrameworksBuildPhase section */
		83D666F426ACB14B0058C851 /* Frameworks */ = {
			isa = PBXFrameworksBuildPhase;
			buildActionMask = 2147483647;
			files = (
			);
			runOnlyForDeploymentPostprocessing = 0;
		};
		83D6670526ACB14F0058C851 /* Frameworks */ = {
			isa = PBXFrameworksBuildPhase;
			buildActionMask = 2147483647;
			files = (
			);
			runOnlyForDeploymentPostprocessing = 0;
		};
		83D6671026ACB14F0058C851 /* Frameworks */ = {
			isa = PBXFrameworksBuildPhase;
			buildActionMask = 2147483647;
			files = (
			);
			runOnlyForDeploymentPostprocessing = 0;
		};
/* End PBXFrameworksBuildPhase section */

/* Begin PBXGroup section */
		83D666EE26ACB14B0058C851 = {
			isa = PBXGroup;
			children = (
				83D666F926ACB14B0058C851 /* TicTacToe */,
				83D6670B26ACB14F0058C851 /* TicTacToeTests */,
				83D6671626ACB14F0058C851 /* TicTacToeUITests */,
				83D666F826ACB14B0058C851 /* Products */,
			);
			sourceTree = "<group>";
		};
		83D666F826ACB14B0058C851 /* Products */ = {
			isa = PBXGroup;
			children = (
				83D666F726ACB14B0058C851 /* TicTacToe.app */,
				83D6670826ACB14F0058C851 /* TicTacToeTests.xctest */,
				83D6671326ACB14F0058C851 /* TicTacToeUITests.xctest */,
			);
			name = Products;
			sourceTree = "<group>";
		};
		83D666F926ACB14B0058C851 /* TicTacToe */ = {
			isa = PBXGroup;
			children = (
				83D666FA26ACB14B0058C851 /* TicTacToeApp.swift */,
				83D666FC26ACB14B0058C851 /* GameView.swift */,
				8320C6D826F0821700967586 /* UtilViews.swift */,
				83D6672726AD7B4A0058C851 /* GameViewModel.swift */,
				83D6672526AD706E0058C851 /* Alerts.swift */,
				83D666FE26ACB14F0058C851 /* Assets.xcassets */,
				83D6670326ACB14F0058C851 /* Info.plist */,
				83D6670026ACB14F0058C851 /* Preview Content */,
				8320C64826DEB7C100967586 /* Constants.swift */,
				8320C64F26E7F2D100967586 /* StartView.swift */,
				8320C6D626F07FDD00967586 /* MainView.swift */,
			);
			path = TicTacToe;
			sourceTree = "<group>";
		};
		83D6670026ACB14F0058C851 /* Preview Content */ = {
			isa = PBXGroup;
			children = (
				83D6670126ACB14F0058C851 /* Preview Assets.xcassets */,
			);
			path = "Preview Content";
			sourceTree = "<group>";
		};
		83D6670B26ACB14F0058C851 /* TicTacToeTests */ = {
			isa = PBXGroup;
			children = (
				83D6670C26ACB14F0058C851 /* TicTacToeTests.swift */,
				83D6670E26ACB14F0058C851 /* Info.plist */,
			);
			path = TicTacToeTests;
			sourceTree = "<group>";
		};
		83D6671626ACB14F0058C851 /* TicTacToeUITests */ = {
			isa = PBXGroup;
			children = (
				83D6671726ACB14F0058C851 /* TicTacToeUITests.swift */,
				83D6671926ACB14F0058C851 /* Info.plist */,
			);
			path = TicTacToeUITests;
			sourceTree = "<group>";
		};
/* End PBXGroup section */

/* Begin PBXNativeTarget section */
		83D666F626ACB14B0058C851 /* TicTacToe */ = {
			isa = PBXNativeTarget;
			buildConfigurationList = 83D6671C26ACB14F0058C851 /* Build configuration list for PBXNativeTarget "TicTacToe" */;
			buildPhases = (
				83D666F326ACB14B0058C851 /* Sources */,
				83D666F426ACB14B0058C851 /* Frameworks */,
				83D666F526ACB14B0058C851 /* Resources */,
			);
			buildRules = (
			);
			dependencies = (
			);
			name = TicTacToe;
			productName = TicTacToe;
			productReference = 83D666F726ACB14B0058C851 /* TicTacToe.app */;
			productType = "com.apple.product-type.application";
		};
		83D6670726ACB14F0058C851 /* TicTacToeTests */ = {
			isa = PBXNativeTarget;
			buildConfigurationList = 83D6671F26ACB14F0058C851 /* Build configuration list for PBXNativeTarget "TicTacToeTests" */;
			buildPhases = (
				83D6670426ACB14F0058C851 /* Sources */,
				83D6670526ACB14F0058C851 /* Frameworks */,
				83D6670626ACB14F0058C851 /* Resources */,
			);
			buildRules = (
			);
			dependencies = (
				83D6670A26ACB14F0058C851 /* PBXTargetDependency */,
			);
			name = TicTacToeTests;
			productName = TicTacToeTests;
			productReference = 83D6670826ACB14F0058C851 /* TicTacToeTests.xctest */;
			productType = "com.apple.product-type.bundle.unit-test";
		};
		83D6671226ACB14F0058C851 /* TicTacToeUITests */ = {
			isa = PBXNativeTarget;
			buildConfigurationList = 83D6672226ACB14F0058C851 /* Build configuration list for PBXNativeTarget "TicTacToeUITests" */;
			buildPhases = (
				83D6670F26ACB14F0058C851 /* Sources */,
				83D6671026ACB14F0058C851 /* Frameworks */,
				83D6671126ACB14F0058C851 /* Resources */,
			);
			buildRules = (
			);
			dependencies = (
				83D6671526ACB14F0058C851 /* PBXTargetDependency */,
			);
			name = TicTacToeUITests;
			productName = TicTacToeUITests;
			productReference = 83D6671326ACB14F0058C851 /* TicTacToeUITests.xctest */;
			productType = "com.apple.product-type.bundle.ui-testing";
		};
/* End PBXNativeTarget section */

/* Begin PBXProject section */
		83D666EF26ACB14B0058C851 /* Project object */ = {
			isa = PBXProject;
			attributes = {
				LastSwiftUpdateCheck = 1250;
				LastUpgradeCheck = 1250;
				TargetAttributes = {
					83D666F626ACB14B0058C851 = {
						CreatedOnToolsVersion = 12.5;
					};
					83D6670726ACB14F0058C851 = {
						CreatedOnToolsVersion = 12.5;
						TestTargetID = 83D666F626ACB14B0058C851;
					};
					83D6671226ACB14F0058C851 = {
						CreatedOnToolsVersion = 12.5;
						TestTargetID = 83D666F626ACB14B0058C851;
					};
				};
			};
			buildConfigurationList = 83D666F226ACB14B0058C851 /* Build configuration list for PBXProject "TicTacToe" */;
			compatibilityVersion = "Xcode 9.3";
			developmentRegion = en;
			hasScannedForEncodings = 0;
			knownRegions = (
				en,
				Base,
			);
			mainGroup = 83D666EE26ACB14B0058C851;
			productRefGroup = 83D666F826ACB14B0058C851 /* Products */;
			projectDirPath = "";
			projectRoot = "";
			targets = (
				83D666F626ACB14B0058C851 /* TicTacToe */,
				83D6670726ACB14F0058C851 /* TicTacToeTests */,
				83D6671226ACB14F0058C851 /* TicTacToeUITests */,
			);
		};
/* End PBXProject section */

/* Begin PBXResourcesBuildPhase section */
		83D666F526ACB14B0058C851 /* Resources */ = {
			isa = PBXResourcesBuildPhase;
			buildActionMask = 2147483647;
			files = (
				83D6670226ACB14F0058C851 /* Preview Assets.xcassets in Resources */,
				83D666FF26ACB14F0058C851 /* Assets.xcassets in Resources */,
			);
			runOnlyForDeploymentPostprocessing = 0;
		};
		83D6670626ACB14F0058C851 /* Resources */ = {
			isa = PBXResourcesBuildPhase;
			buildActionMask = 2147483647;
			files = (
			);
			runOnlyForDeploymentPostprocessing = 0;
		};
		83D6671126ACB14F0058C851 /* Resources */ = {
			isa = PBXResourcesBuildPhase;
			buildActionMask = 2147483647;
			files = (
			);
			runOnlyForDeploymentPostprocessing = 0;
		};
/* End PBXResourcesBuildPhase section */

/* Begin PBXSourcesBuildPhase section */
		83D666F326ACB14B0058C851 /* Sources */ = {
			isa = PBXSourcesBuildPhase;
			buildActionMask = 2147483647;
			files = (
				8320C64926DEB7C100967586 /* Constants.swift in Sources */,
				8320C6D726F07FDE00967586 /* MainView.swift in Sources */,
				83D6672826AD7B4A0058C851 /* GameViewModel.swift in Sources */,
				83D666FD26ACB14B0058C851 /* GameView.swift in Sources */,
				8320C65026E7F2D100967586 /* StartView.swift in Sources */,
				83D6672626AD706E0058C851 /* Alerts.swift in Sources */,
				8320C6D926F0821700967586 /* UtilViews.swift in Sources */,
				83D666FB26ACB14B0058C851 /* TicTacToeApp.swift in Sources */,
			);
			runOnlyForDeploymentPostprocessing = 0;
		};
		83D6670426ACB14F0058C851 /* Sources */ = {
			isa = PBXSourcesBuildPhase;
			buildActionMask = 2147483647;
			files = (
				83D6670D26ACB14F0058C851 /* TicTacToeTests.swift in Sources */,
			);
			runOnlyForDeploymentPostprocessing = 0;
		};
		83D6670F26ACB14F0058C851 /* Sources */ = {
			isa = PBXSourcesBuildPhase;
			buildActionMask = 2147483647;
			files = (
				83D6671826ACB14F0058C851 /* TicTacToeUITests.swift in Sources */,
			);
			runOnlyForDeploymentPostprocessing = 0;
		};
/* End PBXSourcesBuildPhase section */

/* Begin PBXTargetDependency section */
		83D6670A26ACB14F0058C851 /* PBXTargetDependency */ = {
			isa = PBXTargetDependency;
			target = 83D666F626ACB14B0058C851 /* TicTacToe */;
			targetProxy = 83D6670926ACB14F0058C851 /* PBXContainerItemProxy */;
		};
		83D6671526ACB14F0058C851 /* PBXTargetDependency */ = {
			isa = PBXTargetDependency;
			target = 83D666F626ACB14B0058C851 /* TicTacToe */;
			targetProxy = 83D6671426ACB14F0058C851 /* PBXContainerItemProxy */;
		};
/* End PBXTargetDependency section */

/* Begin XCBuildConfiguration section */
		83D6671A26ACB14F0058C851 /* Debug */ = {
			isa = XCBuildConfiguration;
			buildSettings = {
				ALWAYS_SEARCH_USER_PATHS = NO;
				CLANG_ANALYZER_NONNULL = YES;
				CLANG_ANALYZER_NUMBER_OBJECT_CONVERSION = YES_AGGRESSIVE;
				CLANG_CXX_LANGUAGE_STANDARD = "gnu++14";
				CLANG_CXX_LIBRARY = "libc++";
				CLANG_ENABLE_MODULES = YES;
				CLANG_ENABLE_OBJC_ARC = YES;
				CLANG_ENABLE_OBJC_WEAK = YES;
				CLANG_WARN_BLOCK_CAPTURE_AUTORELEASING = YES;
				CLANG_WARN_BOOL_CONVERSION = YES;
				CLANG_WARN_COMMA = YES;
				CLANG_WARN_CONSTANT_CONVERSION = YES;
				CLANG_WARN_DEPRECATED_OBJC_IMPLEMENTATIONS = YES;
				CLANG_WARN_DIRECT_OBJC_ISA_USAGE = YES_ERROR;
				CLANG_WARN_DOCUMENTATION_COMMENTS = YES;
				CLANG_WARN_EMPTY_BODY = YES;
				CLANG_WARN_ENUM_CONVERSION = YES;
				CLANG_WARN_INFINITE_RECURSION = YES;
				CLANG_WARN_INT_CONVERSION = YES;
				CLANG_WARN_NON_LITERAL_NULL_CONVERSION = YES;
				CLANG_WARN_OBJC_IMPLICIT_RETAIN_SELF = YES;
				CLANG_WARN_OBJC_LITERAL_CONVERSION = YES;
				CLANG_WARN_OBJC_ROOT_CLASS = YES_ERROR;
				CLANG_WARN_QUOTED_INCLUDE_IN_FRAMEWORK_HEADER = YES;
				CLANG_WARN_RANGE_LOOP_ANALYSIS = YES;
				CLANG_WARN_STRICT_PROTOTYPES = YES;
				CLANG_WARN_SUSPICIOUS_MOVE = YES;
				CLANG_WARN_UNGUARDED_AVAILABILITY = YES_AGGRESSIVE;
				CLANG_WARN_UNREACHABLE_CODE = YES;
				CLANG_WARN__DUPLICATE_METHOD_MATCH = YES;
				COPY_PHASE_STRIP = NO;
				DEBUG_INFORMATION_FORMAT = dwarf;
				ENABLE_STRICT_OBJC_MSGSEND = YES;
				ENABLE_TESTABILITY = YES;
				GCC_C_LANGUAGE_STANDARD = gnu11;
				GCC_DYNAMIC_NO_PIC = NO;
				GCC_NO_COMMON_BLOCKS = YES;
				GCC_OPTIMIZATION_LEVEL = 0;
				GCC_PREPROCESSOR_DEFINITIONS = (
					"DEBUG=1",
					"$(inherited)",
				);
				GCC_WARN_64_TO_32_BIT_CONVERSION = YES;
				GCC_WARN_ABOUT_RETURN_TYPE = YES_ERROR;
				GCC_WARN_UNDECLARED_SELECTOR = YES;
				GCC_WARN_UNINITIALIZED_AUTOS = YES_AGGRESSIVE;
				GCC_WARN_UNUSED_FUNCTION = YES;
				GCC_WARN_UNUSED_VARIABLE = YES;
				IPHONEOS_DEPLOYMENT_TARGET = 14.5;
				MTL_ENABLE_DEBUG_INFO = INCLUDE_SOURCE;
				MTL_FAST_MATH = YES;
				ONLY_ACTIVE_ARCH = YES;
				SDKROOT = iphoneos;
				SWIFT_ACTIVE_COMPILATION_CONDITIONS = DEBUG;
				SWIFT_OPTIMIZATION_LEVEL = "-Onone";
			};
			name = Debug;
		};
		83D6671B26ACB14F0058C851 /* Release */ = {
			isa = XCBuildConfiguration;
			buildSettings = {
				ALWAYS_SEARCH_USER_PATHS = NO;
				CLANG_ANALYZER_NONNULL = YES;
				CLANG_ANALYZER_NUMBER_OBJECT_CONVERSION = YES_AGGRESSIVE;
				CLANG_CXX_LANGUAGE_STANDARD = "gnu++14";
				CLANG_CXX_LIBRARY = "libc++";
				CLANG_ENABLE_MODULES = YES;
				CLANG_ENABLE_OBJC_ARC = YES;
				CLANG_ENABLE_OBJC_WEAK = YES;
				CLANG_WARN_BLOCK_CAPTURE_AUTORELEASING = YES;
				CLANG_WARN_BOOL_CONVERSION = YES;
				CLANG_WARN_COMMA = YES;
				CLANG_WARN_CONSTANT_CONVERSION = YES;
				CLANG_WARN_DEPRECATED_OBJC_IMPLEMENTATIONS = YES;
				CLANG_WARN_DIRECT_OBJC_ISA_USAGE = YES_ERROR;
				CLANG_WARN_DOCUMENTATION_COMMENTS = YES;
				CLANG_WARN_EMPTY_BODY = YES;
				CLANG_WARN_ENUM_CONVERSION = YES;
				CLANG_WARN_INFINITE_RECURSION = YES;
				CLANG_WARN_INT_CONVERSION = YES;
				CLANG_WARN_NON_LITERAL_NULL_CONVERSION = YES;
				CLANG_WARN_OBJC_IMPLICIT_RETAIN_SELF = YES;
				CLANG_WARN_OBJC_LITERAL_CONVERSION = YES;
				CLANG_WARN_OBJC_ROOT_CLASS = YES_ERROR;
				CLANG_WARN_QUOTED_INCLUDE_IN_FRAMEWORK_HEADER = YES;
				CLANG_WARN_RANGE_LOOP_ANALYSIS = YES;
				CLANG_WARN_STRICT_PROTOTYPES = YES;
				CLANG_WARN_SUSPICIOUS_MOVE = YES;
				CLANG_WARN_UNGUARDED_AVAILABILITY = YES_AGGRESSIVE;
				CLANG_WARN_UNREACHABLE_CODE = YES;
				CLANG_WARN__DUPLICATE_METHOD_MATCH = YES;
				COPY_PHASE_STRIP = NO;
				DEBUG_INFORMATION_FORMAT = "dwarf-with-dsym";
				ENABLE_NS_ASSERTIONS = NO;
				ENABLE_STRICT_OBJC_MSGSEND = YES;
				GCC_C_LANGUAGE_STANDARD = gnu11;
				GCC_NO_COMMON_BLOCKS = YES;
				GCC_WARN_64_TO_32_BIT_CONVERSION = YES;
				GCC_WARN_ABOUT_RETURN_TYPE = YES_ERROR;
				GCC_WARN_UNDECLARED_SELECTOR = YES;
				GCC_WARN_UNINITIALIZED_AUTOS = YES_AGGRESSIVE;
				GCC_WARN_UNUSED_FUNCTION = YES;
				GCC_WARN_UNUSED_VARIABLE = YES;
				IPHONEOS_DEPLOYMENT_TARGET = 14.5;
				MTL_ENABLE_DEBUG_INFO = NO;
				MTL_FAST_MATH = YES;
				SDKROOT = iphoneos;
				SWIFT_COMPILATION_MODE = wholemodule;
				SWIFT_OPTIMIZATION_LEVEL = "-O";
				VALIDATE_PRODUCT = YES;
			};
			name = Release;
		};
		83D6671D26ACB14F0058C851 /* Debug */ = {
			isa = XCBuildConfiguration;
			buildSettings = {
				ASSETCATALOG_COMPILER_APPICON_NAME = AppIcon;
				ASSETCATALOG_COMPILER_GLOBAL_ACCENT_COLOR_NAME = AccentColor;
				CODE_SIGN_STYLE = Automatic;
				DEVELOPMENT_ASSET_PATHS = "\"TicTacToe/Preview Content\"";
				DEVELOPMENT_TEAM = 3AF9U52WQZ;
				ENABLE_PREVIEWS = YES;
				INFOPLIST_FILE = TicTacToe/Info.plist;
				IPHONEOS_DEPLOYMENT_TARGET = 14.0;
				LD_RUNPATH_SEARCH_PATHS = (
					"$(inherited)",
					"@executable_path/Frameworks",
				);
				PRODUCT_BUNDLE_IDENTIFIER = com.sanchitgarg.TicTacToe;
				PRODUCT_NAME = "$(TARGET_NAME)";
				SWIFT_VERSION = 5.0;
				TARGETED_DEVICE_FAMILY = "1,2";
			};
			name = Debug;
		};
		83D6671E26ACB14F0058C851 /* Release */ = {
			isa = XCBuildConfiguration;
			buildSettings = {
				ASSETCATALOG_COMPILER_APPICON_NAME = AppIcon;
				ASSETCATALOG_COMPILER_GLOBAL_ACCENT_COLOR_NAME = AccentColor;
				CODE_SIGN_STYLE = Automatic;
				DEVELOPMENT_ASSET_PATHS = "\"TicTacToe/Preview Content\"";
				DEVELOPMENT_TEAM = 3AF9U52WQZ;
				ENABLE_PREVIEWS = YES;
				INFOPLIST_FILE = TicTacToe/Info.plist;
				IPHONEOS_DEPLOYMENT_TARGET = 14.0;
				LD_RUNPATH_SEARCH_PATHS = (
					"$(inherited)",
					"@executable_path/Frameworks",
				);
				PRODUCT_BUNDLE_IDENTIFIER = com.sanchitgarg.TicTacToe;
				PRODUCT_NAME = "$(TARGET_NAME)";
				SWIFT_VERSION = 5.0;
				TARGETED_DEVICE_FAMILY = "1,2";
			};
			name = Release;
		};
		83D6672026ACB14F0058C851 /* Debug */ = {
			isa = XCBuildConfiguration;
			buildSettings = {
				ALWAYS_EMBED_SWIFT_STANDARD_LIBRARIES = YES;
				BUNDLE_LOADER = "$(TEST_HOST)";
				CODE_SIGN_STYLE = Automatic;
				DEVELOPMENT_TEAM = 3AF9U52WQZ;
				INFOPLIST_FILE = TicTacToeTests/Info.plist;
				IPHONEOS_DEPLOYMENT_TARGET = 14.0;
				LD_RUNPATH_SEARCH_PATHS = (
					"$(inherited)",
					"@executable_path/Frameworks",
					"@loader_path/Frameworks",
				);
				PRODUCT_BUNDLE_IDENTIFIER = com.sanchitgarg.TicTacToeTests;
				PRODUCT_NAME = "$(TARGET_NAME)";
				SWIFT_VERSION = 5.0;
				TARGETED_DEVICE_FAMILY = "1,2";
				TEST_HOST = "$(BUILT_PRODUCTS_DIR)/TicTacToe.app/TicTacToe";
			};
			name = Debug;
		};
		83D6672126ACB14F0058C851 /* Release */ = {
			isa = XCBuildConfiguration;
			buildSettings = {
				ALWAYS_EMBED_SWIFT_STANDARD_LIBRARIES = YES;
				BUNDLE_LOADER = "$(TEST_HOST)";
				CODE_SIGN_STYLE = Automatic;
				DEVELOPMENT_TEAM = 3AF9U52WQZ;
				INFOPLIST_FILE = TicTacToeTests/Info.plist;
				IPHONEOS_DEPLOYMENT_TARGET = 14.0;
				LD_RUNPATH_SEARCH_PATHS = (
					"$(inherited)",
					"@executable_path/Frameworks",
					"@loader_path/Frameworks",
				);
				PRODUCT_BUNDLE_IDENTIFIER = com.sanchitgarg.TicTacToeTests;
				PRODUCT_NAME = "$(TARGET_NAME)";
				SWIFT_VERSION = 5.0;
				TARGETED_DEVICE_FAMILY = "1,2";
				TEST_HOST = "$(BUILT_PRODUCTS_DIR)/TicTacToe.app/TicTacToe";
			};
			name = Release;
		};
		83D6672326ACB14F0058C851 /* Debug */ = {
			isa = XCBuildConfiguration;
			buildSettings = {
				ALWAYS_EMBED_SWIFT_STANDARD_LIBRARIES = YES;
				CODE_SIGN_STYLE = Automatic;
				DEVELOPMENT_TEAM = 3AF9U52WQZ;
				INFOPLIST_FILE = TicTacToeUITests/Info.plist;
				LD_RUNPATH_SEARCH_PATHS = (
					"$(inherited)",
					"@executable_path/Frameworks",
					"@loader_path/Frameworks",
				);
				PRODUCT_BUNDLE_IDENTIFIER = com.sanchitgarg.TicTacToeUITests;
				PRODUCT_NAME = "$(TARGET_NAME)";
				SWIFT_VERSION = 5.0;
				TARGETED_DEVICE_FAMILY = "1,2";
				TEST_TARGET_NAME = TicTacToe;
			};
			name = Debug;
		};
		83D6672426ACB14F0058C851 /* Release */ = {
			isa = XCBuildConfiguration;
			buildSettings = {
				ALWAYS_EMBED_SWIFT_STANDARD_LIBRARIES = YES;
				CODE_SIGN_STYLE = Automatic;
				DEVELOPMENT_TEAM = 3AF9U52WQZ;
				INFOPLIST_FILE = TicTacToeUITests/Info.plist;
				LD_RUNPATH_SEARCH_PATHS = (
					"$(inherited)",
					"@executable_path/Frameworks",
					"@loader_path/Frameworks",
				);
				PRODUCT_BUNDLE_IDENTIFIER = com.sanchitgarg.TicTacToeUITests;
				PRODUCT_NAME = "$(TARGET_NAME)";
				SWIFT_VERSION = 5.0;
				TARGETED_DEVICE_FAMILY = "1,2";
				TEST_TARGET_NAME = TicTacToe;
			};
			name = Release;
		};
/* End XCBuildConfiguration section */

/* Begin XCConfigurationList section */
		83D666F226ACB14B0058C851 /* Build configuration list for PBXProject "TicTacToe" */ = {
			isa = XCConfigurationList;
			buildConfigurations = (
				83D6671A26ACB14F0058C851 /* Debug */,
				83D6671B26ACB14F0058C851 /* Release */,
			);
			defaultConfigurationIsVisible = 0;
			defaultConfigurationName = Release;
		};
		83D6671C26ACB14F0058C851 /* Build configuration list for PBXNativeTarget "TicTacToe" */ = {
			isa = XCConfigurationList;
			buildConfigurations = (
				83D6671D26ACB14F0058C851 /* Debug */,
				83D6671E26ACB14F0058C851 /* Release */,
			);
			defaultConfigurationIsVisible = 0;
			defaultConfigurationName = Release;
		};
		83D6671F26ACB14F0058C851 /* Build configuration list for PBXNativeTarget "TicTacToeTests" */ = {
			isa = XCConfigurationList;
			buildConfigurations = (
				83D6672026ACB14F0058C851 /* Debug */,
				83D6672126ACB14F0058C851 /* Release */,
			);
			defaultConfigurationIsVisible = 0;
			defaultConfigurationName = Release;
		};
		83D6672226ACB14F0058C851 /* Build configuration list for PBXNativeTarget "TicTacToeUITests" */ = {
			isa = XCConfigurationList;
			buildConfigurations = (
				83D6672326ACB14F0058C851 /* Debug */,
				83D6672426ACB14F0058C851 /* Release */,
			);
			defaultConfigurationIsVisible = 0;
			defaultConfigurationName = Release;
		};
/* End XCConfigurationList section */
	};
	rootObject = 83D666EF26ACB14B0058C851 /* Project object */;
}
